
Microsoft Visual Studio Solution File, Format Version 9.00
# Visual Studio 2005
Project("{FAE04EC0-301F-11D3-BF4B-00C04F79EFBC}") = "PluginHost", "pluginHost\PluginHost\PluginHost.csproj", "{D43FA185-16A7-4B09-A5E9-8C358310EB96}"
EndProject
Project("{2150E333-8FDC-42A3-9474-1A3956D46DE8}") = "Solution Items", "Solution Items", "{3F35255B-A3E9-4069-AF95-B90715427D3F}"
	ProjectSection(SolutionItems) = preProject
		common-build\CIR-properties.xml = common-build\CIR-properties.xml
		common-build\common-project.xml = common-build\common-project.xml
		common-build\common.xml = common-build\common.xml
		project.build = project.build
		TODO.txt = TODO.txt
	EndProjectSection
EndProject
Project("{FAE04EC0-301F-11D3-BF4B-00C04F79EFBC}") = "Engine", "Engine\Engine.csproj", "{B5114A23-8A6E-4B8B-BE6F-E91D5EB867F7}"
EndProject
Project("{FAE04EC0-301F-11D3-BF4B-00C04F79EFBC}") = "CLI", "cli\CLI.csproj", "{FBB663AC-63C4-4486-913D-542E4046E659}"
EndProject
Project("{2150E333-8FDC-42A3-9474-1A3956D46DE8}") = "Plugins", "Plugins", "{2BF64489-2016-4D2B-B1E5-3DE8F57D68D4}"
EndProject
Project("{FAE04EC0-301F-11D3-BF4B-00C04F79EFBC}") = "ElfFileReader", "plugins\ElfFileReader\ElfFileReader.csproj", "{24F8128C-E7AD-4E2F-88B5-1E67A63BB1E9}"
EndProject
Project("{FAE04EC0-301F-11D3-BF4B-00C04F79EFBC}") = "MainCoreFileReader", "plugins\MainCoreFileReader\MainCoreFileReader.csproj", "{7003302C-CEB9-4E7A-93E3-4335991EF6B4}"
EndProject
Project("{FAE04EC0-301F-11D3-BF4B-00C04F79EFBC}") = "TextSegmentCompare", "plugins\TextSegmentCompare\TextSegmentCompare.csproj", "{B7A39DBE-75B5-43FE-916B-F06ED91A442B}"
EndProject
Project("{FAE04EC0-301F-11D3-BF4B-00C04F79EFBC}") = "RodataSegmentCompare", "plugins\RodataSegmentCompare\RodataSegmentCompare.csproj", "{F7789E93-AF20-47E8-A61D-EB96C7964BB7}"
EndProject
Project("{FAE04EC0-301F-11D3-BF4B-00C04F79EFBC}") = "ElfDecompressor", "plugins\ElfDecompressor\ElfDecompressor.csproj", "{BD1F10C6-473E-4EA0-A952-2B3FAA566AA6}"
EndProject
Project("{FAE04EC0-301F-11D3-BF4B-00C04F79EFBC}") = "HeapFind", "plugins\HeapFind\HeapFind.csproj", "{27ED2328-E22C-4ED7-B5B7-A392CE50C45A}"
EndProject
Project("{FAE04EC0-301F-11D3-BF4B-00C04F79EFBC}") = "HeapParse", "plugins\HeapParse\HeapParse.csproj", "{70102495-511A-4A08-B37E-2AF0B6A15939}"
EndProject
Project("{FAE04EC0-301F-11D3-BF4B-00C04F79EFBC}") = "ProcessList", "plugins\ProcessList\ProcessList.csproj", "{0477A402-A9E9-428B-AAC5-A8B71252610C}"
EndProject
Project("{2150E333-8FDC-42A3-9474-1A3956D46DE8}") = "Platforms", "Platforms", "{1692E7CA-0346-481A-837B-212577A690B6}"
	ProjectSection(SolutionItems) = preProject
		PlatformPlugins\project.build = PlatformPlugins\project.build
	EndProjectSection
EndProject
Project("{FAE04EC0-301F-11D3-BF4B-00C04F79EFBC}") = "Cisco2600", "PlatformPlugins\Cisco2600\Cisco2600.csproj", "{55AD63E2-A484-49A6-A8CE-DDF1B4B272EC}"
EndProject
Project("{FAE04EC0-301F-11D3-BF4B-00C04F79EFBC}") = "IOCoreFileReader", "plugins\IOCoreFileReader\IOCoreFileReader.csproj", "{81ABB0DA-6065-4EAC-973C-5FA319541BD0}"
EndProject
Project("{FAE04EC0-301F-11D3-BF4B-00C04F79EFBC}") = "HeapParseIO", "plugins\HeapParseIO\HeapParseIO.csproj", "{00F74DB7-3DF3-46FD-9C37-4E10AD8A4A90}"
EndProject
Project("{FAE04EC0-301F-11D3-BF4B-00C04F79EFBC}") = "ParsePacketHeaders", "plugins\ParsePacketHeaders\ParsePacketHeaders.csproj", "{BF5319B4-9BC5-4090-ACD5-7A5B08E8C7BC}"
EndProject
Project("{FAE04EC0-301F-11D3-BF4B-00C04F79EFBC}") = "PacketHeaderDump", "plugins\PacketHeaderDump\PacketHeaderDump.csproj", "{42789F1E-0DB8-4750-A2BC-5EBF7B99A119}"
EndProject
Project("{FAE04EC0-301F-11D3-BF4B-00C04F79EFBC}") = "Cisco1700", "PlatformPlugins\Cisco1700\Cisco1700.csproj", "{45B833D9-372A-4E60-AACE-8375574C9F26}"
EndProject
Project("{FAE04EC0-301F-11D3-BF4B-00C04F79EFBC}") = "ElfIOSSignature", "plugins\ElfIOSSignature\ElfIOSSignature.csproj", "{7273CB24-5973-4B2F-BEF4-6AE0B78A0001}"
EndProject
Project("{FAE04EC0-301F-11D3-BF4B-00C04F79EFBC}") = "CoreIOSSignature", "plugins\CoreIOSSignature\CoreIOSSignature.csproj", "{2C9C1E33-67A4-4163-BF05-7CDF184DC4CA}"
EndProject
Project("{FAE04EC0-301F-11D3-BF4B-00C04F79EFBC}") = "ReportSignature", "plugins\ReportSignature\ReportSignature.csproj", "{B6A9A329-3943-4575-A376-A7CEC9628506}"
EndProject
Project("{FAE04EC0-301F-11D3-BF4B-00C04F79EFBC}") = "AppleAndPears", "plugins\AppleAndPears\AppleAndPears.csproj", "{644ADB03-3885-4CC4-A41B-18B9135F9A0D}"
EndProject
Project("{FAE04EC0-301F-11D3-BF4B-00C04F79EFBC}") = "Cisco2691", "PlatformPlugins\Cisco2691\Cisco2691.csproj", "{1D2AFD3A-210C-43C9-B756-822592B7B7D0}"
EndProject
Project("{FAE04EC0-301F-11D3-BF4B-00C04F79EFBC}") = "CheckHeaps", "plugins\CheckHeaps\CheckHeaps.csproj", "{CDFB54E6-68CE-452A-9E1A-F011A67B4661}"
EndProject
Project("{FAE04EC0-301F-11D3-BF4B-00C04F79EFBC}") = "CheckHeapUse", "plugins\CheckHeapUse\CheckHeapUse.csproj", "{7CCDFC4E-BDE3-451E-861F-86B5800A6B1C}"
EndProject
Project("{FAE04EC0-301F-11D3-BF4B-00C04F79EFBC}") = "PluginIntegrationTests", "PluginIntegrationTests\PluginIntegrationTests.csproj", "{AF85D265-BD30-4088-8FAE-1AA6B78081E7}"
EndProject
Project("{FAE04EC0-301F-11D3-BF4B-00C04F79EFBC}") = "NUnitTask", "NUnitTask\NUnitTask.csproj", "{BE654326-E532-439D-A6C9-B8DC92F6EC86}"
EndProject
Project("{FAE04EC0-301F-11D3-BF4B-00C04F79EFBC}") = "Installer", "Installer\Installer.csproj", "{7D83235E-377B-4028-BBA0-B12793371971}"
EndProject
Project("{FAE04EC0-301F-11D3-BF4B-00C04F79EFBC}") = "CommandLineParser", "CommandLineParser\CommandLineParser.csproj", "{C3479EDE-2662-4233-9854-6FC34933F117}"
EndProject
Project("{FAE04EC0-301F-11D3-BF4B-00C04F79EFBC}") = "CompareHashs", "plugins\CompareHashs\CompareHashs.csproj", "{99340616-2ECD-4F8C-AEBE-3F3D9735883F}"
EndProject
Global
	GlobalSection(SolutionConfigurationPlatforms) = preSolution
		Debug|Any CPU = Debug|Any CPU
		Release|Any CPU = Release|Any CPU
	EndGlobalSection
	GlobalSection(ProjectConfigurationPlatforms) = postSolution
		{D43FA185-16A7-4B09-A5E9-8C358310EB96}.Debug|Any CPU.ActiveCfg = Debug|Any CPU
		{D43FA185-16A7-4B09-A5E9-8C358310EB96}.Debug|Any CPU.Build.0 = Debug|Any CPU
		{D43FA185-16A7-4B09-A5E9-8C358310EB96}.Release|Any CPU.ActiveCfg = Release|Any CPU
		{D43FA185-16A7-4B09-A5E9-8C358310EB96}.Release|Any CPU.Build.0 = Release|Any CPU
		{B5114A23-8A6E-4B8B-BE6F-E91D5EB867F7}.Debug|Any CPU.ActiveCfg = Debug|Any CPU
		{B5114A23-8A6E-4B8B-BE6F-E91D5EB867F7}.Debug|Any CPU.Build.0 = Debug|Any CPU
		{B5114A23-8A6E-4B8B-BE6F-E91D5EB867F7}.Release|Any CPU.ActiveCfg = Release|Any CPU
		{B5114A23-8A6E-4B8B-BE6F-E91D5EB867F7}.Release|Any CPU.Build.0 = Release|Any CPU
		{FBB663AC-63C4-4486-913D-542E4046E659}.Debug|Any CPU.ActiveCfg = Debug|Any CPU
		{FBB663AC-63C4-4486-913D-542E4046E659}.Debug|Any CPU.Build.0 = Debug|Any CPU
		{FBB663AC-63C4-4486-913D-542E4046E659}.Release|Any CPU.ActiveCfg = Release|Any CPU
		{FBB663AC-63C4-4486-913D-542E4046E659}.Release|Any CPU.Build.0 = Release|Any CPU
		{24F8128C-E7AD-4E2F-88B5-1E67A63BB1E9}.Debug|Any CPU.ActiveCfg = Debug|Any CPU
		{24F8128C-E7AD-4E2F-88B5-1E67A63BB1E9}.Debug|Any CPU.Build.0 = Debug|Any CPU
		{24F8128C-E7AD-4E2F-88B5-1E67A63BB1E9}.Release|Any CPU.ActiveCfg = Release|Any CPU
		{24F8128C-E7AD-4E2F-88B5-1E67A63BB1E9}.Release|Any CPU.Build.0 = Release|Any CPU
		{7003302C-CEB9-4E7A-93E3-4335991EF6B4}.Debug|Any CPU.ActiveCfg = Debug|Any CPU
		{7003302C-CEB9-4E7A-93E3-4335991EF6B4}.Debug|Any CPU.Build.0 = Debug|Any CPU
		{7003302C-CEB9-4E7A-93E3-4335991EF6B4}.Release|Any CPU.ActiveCfg = Release|Any CPU
		{7003302C-CEB9-4E7A-93E3-4335991EF6B4}.Release|Any CPU.Build.0 = Release|Any CPU
		{B7A39DBE-75B5-43FE-916B-F06ED91A442B}.Debug|Any CPU.ActiveCfg = Debug|Any CPU
		{B7A39DBE-75B5-43FE-916B-F06ED91A442B}.Debug|Any CPU.Build.0 = Debug|Any CPU
		{B7A39DBE-75B5-43FE-916B-F06ED91A442B}.Release|Any CPU.ActiveCfg = Release|Any CPU
		{B7A39DBE-75B5-43FE-916B-F06ED91A442B}.Release|Any CPU.Build.0 = Release|Any CPU
		{F7789E93-AF20-47E8-A61D-EB96C7964BB7}.Debug|Any CPU.ActiveCfg = Debug|Any CPU
		{F7789E93-AF20-47E8-A61D-EB96C7964BB7}.Debug|Any CPU.Build.0 = Debug|Any CPU
		{F7789E93-AF20-47E8-A61D-EB96C7964BB7}.Release|Any CPU.ActiveCfg = Release|Any CPU
		{F7789E93-AF20-47E8-A61D-EB96C7964BB7}.Release|Any CPU.Build.0 = Release|Any CPU
		{BD1F10C6-473E-4EA0-A952-2B3FAA566AA6}.Debug|Any CPU.ActiveCfg = Debug|Any CPU
		{BD1F10C6-473E-4EA0-A952-2B3FAA566AA6}.Debug|Any CPU.Build.0 = Debug|Any CPU
		{BD1F10C6-473E-4EA0-A952-2B3FAA566AA6}.Release|Any CPU.ActiveCfg = Release|Any CPU
		{BD1F10C6-473E-4EA0-A952-2B3FAA566AA6}.Release|Any CPU.Build.0 = Release|Any CPU
		{27ED2328-E22C-4ED7-B5B7-A392CE50C45A}.Debug|Any CPU.ActiveCfg = Debug|Any CPU
		{27ED2328-E22C-4ED7-B5B7-A392CE50C45A}.Debug|Any CPU.Build.0 = Debug|Any CPU
		{27ED2328-E22C-4ED7-B5B7-A392CE50C45A}.Release|Any CPU.ActiveCfg = Release|Any CPU
		{27ED2328-E22C-4ED7-B5B7-A392CE50C45A}.Release|Any CPU.Build.0 = Release|Any CPU
		{70102495-511A-4A08-B37E-2AF0B6A15939}.Debug|Any CPU.ActiveCfg = Debug|Any CPU
		{70102495-511A-4A08-B37E-2AF0B6A15939}.Debug|Any CPU.Build.0 = Debug|Any CPU
		{70102495-511A-4A08-B37E-2AF0B6A15939}.Release|Any CPU.ActiveCfg = Release|Any CPU
		{70102495-511A-4A08-B37E-2AF0B6A15939}.Release|Any CPU.Build.0 = Release|Any CPU
		{0477A402-A9E9-428B-AAC5-A8B71252610C}.Debug|Any CPU.ActiveCfg = Debug|Any CPU
		{0477A402-A9E9-428B-AAC5-A8B71252610C}.Debug|Any CPU.Build.0 = Debug|Any CPU
		{0477A402-A9E9-428B-AAC5-A8B71252610C}.Release|Any CPU.ActiveCfg = Release|Any CPU
		{0477A402-A9E9-428B-AAC5-A8B71252610C}.Release|Any CPU.Build.0 = Release|Any CPU
		{55AD63E2-A484-49A6-A8CE-DDF1B4B272EC}.Debug|Any CPU.ActiveCfg = Debug|Any CPU
		{55AD63E2-A484-49A6-A8CE-DDF1B4B272EC}.Debug|Any CPU.Build.0 = Debug|Any CPU
		{55AD63E2-A484-49A6-A8CE-DDF1B4B272EC}.Release|Any CPU.ActiveCfg = Release|Any CPU
		{55AD63E2-A484-49A6-A8CE-DDF1B4B272EC}.Release|Any CPU.Build.0 = Release|Any CPU
		{81ABB0DA-6065-4EAC-973C-5FA319541BD0}.Debug|Any CPU.ActiveCfg = Debug|Any CPU
		{81ABB0DA-6065-4EAC-973C-5FA319541BD0}.Debug|Any CPU.Build.0 = Debug|Any CPU
		{81ABB0DA-6065-4EAC-973C-5FA319541BD0}.Release|Any CPU.ActiveCfg = Release|Any CPU
		{81ABB0DA-6065-4EAC-973C-5FA319541BD0}.Release|Any CPU.Build.0 = Release|Any CPU
		{00F74DB7-3DF3-46FD-9C37-4E10AD8A4A90}.Debug|Any CPU.ActiveCfg = Debug|Any CPU
		{00F74DB7-3DF3-46FD-9C37-4E10AD8A4A90}.Debug|Any CPU.Build.0 = Debug|Any CPU
		{00F74DB7-3DF3-46FD-9C37-4E10AD8A4A90}.Release|Any CPU.ActiveCfg = Release|Any CPU
		{00F74DB7-3DF3-46FD-9C37-4E10AD8A4A90}.Release|Any CPU.Build.0 = Release|Any CPU
		{BF5319B4-9BC5-4090-ACD5-7A5B08E8C7BC}.Debug|Any CPU.ActiveCfg = Debug|Any CPU
		{BF5319B4-9BC5-4090-ACD5-7A5B08E8C7BC}.Debug|Any CPU.Build.0 = Debug|Any CPU
		{BF5319B4-9BC5-4090-ACD5-7A5B08E8C7BC}.Release|Any CPU.ActiveCfg = Release|Any CPU
		{BF5319B4-9BC5-4090-ACD5-7A5B08E8C7BC}.Release|Any CPU.Build.0 = Release|Any CPU
		{42789F1E-0DB8-4750-A2BC-5EBF7B99A119}.Debug|Any CPU.ActiveCfg = Debug|Any CPU
		{42789F1E-0DB8-4750-A2BC-5EBF7B99A119}.Debug|Any CPU.Build.0 = Debug|Any CPU
		{42789F1E-0DB8-4750-A2BC-5EBF7B99A119}.Release|Any CPU.ActiveCfg = Release|Any CPU
		{42789F1E-0DB8-4750-A2BC-5EBF7B99A119}.Release|Any CPU.Build.0 = Release|Any CPU
		{45B833D9-372A-4E60-AACE-8375574C9F26}.Debug|Any CPU.ActiveCfg = Debug|Any CPU
		{45B833D9-372A-4E60-AACE-8375574C9F26}.Debug|Any CPU.Build.0 = Debug|Any CPU
		{45B833D9-372A-4E60-AACE-8375574C9F26}.Release|Any CPU.ActiveCfg = Release|Any CPU
		{45B833D9-372A-4E60-AACE-8375574C9F26}.Release|Any CPU.Build.0 = Release|Any CPU
		{7273CB24-5973-4B2F-BEF4-6AE0B78A0001}.Debug|Any CPU.ActiveCfg = Debug|Any CPU
		{7273CB24-5973-4B2F-BEF4-6AE0B78A0001}.Debug|Any CPU.Build.0 = Debug|Any CPU
		{7273CB24-5973-4B2F-BEF4-6AE0B78A0001}.Release|Any CPU.ActiveCfg = Release|Any CPU
		{7273CB24-5973-4B2F-BEF4-6AE0B78A0001}.Release|Any CPU.Build.0 = Release|Any CPU
		{2C9C1E33-67A4-4163-BF05-7CDF184DC4CA}.Debug|Any CPU.ActiveCfg = Debug|Any CPU
		{2C9C1E33-67A4-4163-BF05-7CDF184DC4CA}.Debug|Any CPU.Build.0 = Debug|Any CPU
		{2C9C1E33-67A4-4163-BF05-7CDF184DC4CA}.Release|Any CPU.ActiveCfg = Release|Any CPU
		{2C9C1E33-67A4-4163-BF05-7CDF184DC4CA}.Release|Any CPU.Build.0 = Release|Any CPU
		{B6A9A329-3943-4575-A376-A7CEC9628506}.Debug|Any CPU.ActiveCfg = Debug|Any CPU
		{B6A9A329-3943-4575-A376-A7CEC9628506}.Debug|Any CPU.Build.0 = Debug|Any CPU
		{B6A9A329-3943-4575-A376-A7CEC9628506}.Release|Any CPU.ActiveCfg = Release|Any CPU
		{B6A9A329-3943-4575-A376-A7CEC9628506}.Release|Any CPU.Build.0 = Release|Any CPU
		{644ADB03-3885-4CC4-A41B-18B9135F9A0D}.Debug|Any CPU.ActiveCfg = Debug|Any CPU
		{644ADB03-3885-4CC4-A41B-18B9135F9A0D}.Debug|Any CPU.Build.0 = Debug|Any CPU
		{644ADB03-3885-4CC4-A41B-18B9135F9A0D}.Release|Any CPU.ActiveCfg = Release|Any CPU
		{644ADB03-3885-4CC4-A41B-18B9135F9A0D}.Release|Any CPU.Build.0 = Release|Any CPU
		{1D2AFD3A-210C-43C9-B756-822592B7B7D0}.Debug|Any CPU.ActiveCfg = Debug|Any CPU
		{1D2AFD3A-210C-43C9-B756-822592B7B7D0}.Debug|Any CPU.Build.0 = Debug|Any CPU
		{1D2AFD3A-210C-43C9-B756-822592B7B7D0}.Release|Any CPU.ActiveCfg = Release|Any CPU
		{1D2AFD3A-210C-43C9-B756-822592B7B7D0}.Release|Any CPU.Build.0 = Release|Any CPU
		{CDFB54E6-68CE-452A-9E1A-F011A67B4661}.Debug|Any CPU.ActiveCfg = Debug|Any CPU
		{CDFB54E6-68CE-452A-9E1A-F011A67B4661}.Debug|Any CPU.Build.0 = Debug|Any CPU
		{CDFB54E6-68CE-452A-9E1A-F011A67B4661}.Release|Any CPU.ActiveCfg = Release|Any CPU
		{CDFB54E6-68CE-452A-9E1A-F011A67B4661}.Release|Any CPU.Build.0 = Release|Any CPU
		{7CCDFC4E-BDE3-451E-861F-86B5800A6B1C}.Debug|Any CPU.ActiveCfg = Debug|Any CPU
		{7CCDFC4E-BDE3-451E-861F-86B5800A6B1C}.Debug|Any CPU.Build.0 = Debug|Any CPU
		{7CCDFC4E-BDE3-451E-861F-86B5800A6B1C}.Release|Any CPU.ActiveCfg = Release|Any CPU
		{7CCDFC4E-BDE3-451E-861F-86B5800A6B1C}.Release|Any CPU.Build.0 = Release|Any CPU
		{AF85D265-BD30-4088-8FAE-1AA6B78081E7}.Debug|Any CPU.ActiveCfg = Debug|Any CPU
		{AF85D265-BD30-4088-8FAE-1AA6B78081E7}.Release|Any CPU.ActiveCfg = Release|Any CPU
		{AF85D265-BD30-4088-8FAE-1AA6B78081E7}.Release|Any CPU.Build.0 = Release|Any CPU
		{BE654326-E532-439D-A6C9-B8DC92F6EC86}.Debug|Any CPU.ActiveCfg = Debug|Any CPU
		{BE654326-E532-439D-A6C9-B8DC92F6EC86}.Debug|Any CPU.Build.0 = Debug|Any CPU
		{BE654326-E532-439D-A6C9-B8DC92F6EC86}.Release|Any CPU.ActiveCfg = Release|Any CPU
		{BE654326-E532-439D-A6C9-B8DC92F6EC86}.Release|Any CPU.Build.0 = Release|Any CPU
		{7D83235E-377B-4028-BBA0-B12793371971}.Debug|Any CPU.ActiveCfg = Debug|Any CPU
		{7D83235E-377B-4028-BBA0-B12793371971}.Debug|Any CPU.Build.0 = Debug|Any CPU
		{7D83235E-377B-4028-BBA0-B12793371971}.Release|Any CPU.ActiveCfg = Release|Any CPU
		{7D83235E-377B-4028-BBA0-B12793371971}.Release|Any CPU.Build.0 = Release|Any CPU
		{C3479EDE-2662-4233-9854-6FC34933F117}.Debug|Any CPU.ActiveCfg = Debug|Any CPU
		{C3479EDE-2662-4233-9854-6FC34933F117}.Debug|Any CPU.Build.0 = Debug|Any CPU
		{C3479EDE-2662-4233-9854-6FC34933F117}.Release|Any CPU.ActiveCfg = Release|Any CPU
		{C3479EDE-2662-4233-9854-6FC34933F117}.Release|Any CPU.Build.0 = Release|Any CPU
		{99340616-2ECD-4F8C-AEBE-3F3D9735883F}.Debug|Any CPU.ActiveCfg = Debug|Any CPU
		{99340616-2ECD-4F8C-AEBE-3F3D9735883F}.Debug|Any CPU.Build.0 = Debug|Any CPU
		{99340616-2ECD-4F8C-AEBE-3F3D9735883F}.Release|Any CPU.ActiveCfg = Release|Any CPU
		{99340616-2ECD-4F8C-AEBE-3F3D9735883F}.Release|Any CPU.Build.0 = Release|Any CPU
	EndGlobalSection
	GlobalSection(SolutionProperties) = preSolution
		HideSolutionNode = FALSE
	EndGlobalSection
	GlobalSection(NestedProjects) = preSolution
		{24F8128C-E7AD-4E2F-88B5-1E67A63BB1E9} = {2BF64489-2016-4D2B-B1E5-3DE8F57D68D4}
		{7003302C-CEB9-4E7A-93E3-4335991EF6B4} = {2BF64489-2016-4D2B-B1E5-3DE8F57D68D4}
		{B7A39DBE-75B5-43FE-916B-F06ED91A442B} = {2BF64489-2016-4D2B-B1E5-3DE8F57D68D4}
		{F7789E93-AF20-47E8-A61D-EB96C7964BB7} = {2BF64489-2016-4D2B-B1E5-3DE8F57D68D4}
		{BD1F10C6-473E-4EA0-A952-2B3FAA566AA6} = {2BF64489-2016-4D2B-B1E5-3DE8F57D68D4}
		{27ED2328-E22C-4ED7-B5B7-A392CE50C45A} = {2BF64489-2016-4D2B-B1E5-3DE8F57D68D4}
		{70102495-511A-4A08-B37E-2AF0B6A15939} = {2BF64489-2016-4D2B-B1E5-3DE8F57D68D4}
		{0477A402-A9E9-428B-AAC5-A8B71252610C} = {2BF64489-2016-4D2B-B1E5-3DE8F57D68D4}
		{81ABB0DA-6065-4EAC-973C-5FA319541BD0} = {2BF64489-2016-4D2B-B1E5-3DE8F57D68D4}
		{00F74DB7-3DF3-46FD-9C37-4E10AD8A4A90} = {2BF64489-2016-4D2B-B1E5-3DE8F57D68D4}
		{BF5319B4-9BC5-4090-ACD5-7A5B08E8C7BC} = {2BF64489-2016-4D2B-B1E5-3DE8F57D68D4}
		{42789F1E-0DB8-4750-A2BC-5EBF7B99A119} = {2BF64489-2016-4D2B-B1E5-3DE8F57D68D4}
		{7273CB24-5973-4B2F-BEF4-6AE0B78A0001} = {2BF64489-2016-4D2B-B1E5-3DE8F57D68D4}
		{2C9C1E33-67A4-4163-BF05-7CDF184DC4CA} = {2BF64489-2016-4D2B-B1E5-3DE8F57D68D4}
		{B6A9A329-3943-4575-A376-A7CEC9628506} = {2BF64489-2016-4D2B-B1E5-3DE8F57D68D4}
		{644ADB03-3885-4CC4-A41B-18B9135F9A0D} = {2BF64489-2016-4D2B-B1E5-3DE8F57D68D4}
		{CDFB54E6-68CE-452A-9E1A-F011A67B4661} = {2BF64489-2016-4D2B-B1E5-3DE8F57D68D4}
		{7CCDFC4E-BDE3-451E-861F-86B5800A6B1C} = {2BF64489-2016-4D2B-B1E5-3DE8F57D68D4}
		{99340616-2ECD-4F8C-AEBE-3F3D9735883F} = {2BF64489-2016-4D2B-B1E5-3DE8F57D68D4}
		{55AD63E2-A484-49A6-A8CE-DDF1B4B272EC} = {1692E7CA-0346-481A-837B-212577A690B6}
		{45B833D9-372A-4E60-AACE-8375574C9F26} = {1692E7CA-0346-481A-837B-212577A690B6}
		{1D2AFD3A-210C-43C9-B756-822592B7B7D0} = {1692E7CA-0346-481A-837B-212577A690B6}
	EndGlobalSection
EndGlobal
